{
  "version": 4,
  "terraform_version": "0.12.24",
  "serial": 29,
  "lineage": "bd498ecb-f923-5bdf-2aea-1d24ed10da8a",
  "outputs": {},
  "resources": [
    {
      "mode": "data",
      "type": "aws_ami",
      "name": "eks-worker",
      "each": "list",
      "provider": "provider.aws",
      "instances": [
        {
          "index_key": 0,
          "schema_version": 0,
          "attributes": {
            "architecture": "x86_64",
            "block_device_mappings": [
              {
                "device_name": "/dev/xvda",
                "ebs": {
                  "delete_on_termination": "true",
                  "encrypted": "false",
                  "iops": "0",
                  "snapshot_id": "snap-04119166873825f0e",
                  "volume_size": "20",
                  "volume_type": "gp2"
                },
                "no_device": "",
                "virtual_name": ""
              }
            ],
            "creation_date": "2020-04-24T01:27:40.000Z",
            "description": "EKS Kubernetes Worker AMI with AmazonLinux2 image, (k8s: 1.15.11, docker:18.09.9ce-2.amzn2)",
            "executable_users": null,
            "filter": [
              {
                "name": "name",
                "values": [
                  "amazon-eks-node-1.15-v*"
                ]
              }
            ],
            "hypervisor": "xen",
            "id": "ami-0842e3f57a7f2db2e",
            "image_id": "ami-0842e3f57a7f2db2e",
            "image_location": "amazon/amazon-eks-node-1.15-v20200423",
            "image_owner_alias": "amazon",
            "image_type": "machine",
            "kernel_id": null,
            "most_recent": true,
            "name": "amazon-eks-node-1.15-v20200423",
            "name_regex": null,
            "owner_id": "602401143452",
            "owners": [
              "602401143452"
            ],
            "platform": null,
            "product_codes": [],
            "public": true,
            "ramdisk_id": null,
            "root_device_name": "/dev/xvda",
            "root_device_type": "ebs",
            "root_snapshot_id": "snap-04119166873825f0e",
            "sriov_net_support": "simple",
            "state": "available",
            "state_reason": {
              "code": "UNSET",
              "message": "UNSET"
            },
            "tags": {},
            "virtualization_type": "hvm"
          }
        }
      ]
    },
    {
      "mode": "data",
      "type": "aws_availability_zones",
      "name": "available",
      "each": "list",
      "provider": "provider.aws",
      "instances": [
        {
          "index_key": 0,
          "schema_version": 0,
          "attributes": {
            "all_availability_zones": null,
            "blacklisted_names": null,
            "blacklisted_zone_ids": null,
            "filter": null,
            "group_names": [
              "us-east-1"
            ],
            "id": "2020-04-29 21:02:38.44203 +0000 UTC",
            "names": [
              "us-east-1a",
              "us-east-1b",
              "us-east-1c",
              "us-east-1d",
              "us-east-1e",
              "us-east-1f"
            ],
            "state": null,
            "zone_ids": [
              "use1-az6",
              "use1-az1",
              "use1-az2",
              "use1-az4",
              "use1-az3",
              "use1-az5"
            ]
          }
        }
      ]
    },
    {
      "mode": "data",
      "type": "aws_region",
      "name": "current",
      "each": "list",
      "provider": "provider.aws",
      "instances": [
        {
          "index_key": 0,
          "schema_version": 0,
          "attributes": {
            "current": null,
            "description": "US East (N. Virginia)",
            "endpoint": "ec2.us-east-1.amazonaws.com",
            "id": "us-east-1",
            "name": "us-east-1"
          }
        }
      ]
    },
    {
      "mode": "managed",
      "type": "aws_autoscaling_group",
      "name": "asg",
      "each": "list",
      "provider": "provider.aws",
      "instances": [
        {
          "index_key": 0,
          "schema_version": 0,
          "attributes": {
            "arn": "arn:aws:autoscaling:us-east-1:750461308246:autoScalingGroup:71309c57-4801-4818-b462-81b9a2b908a5:autoScalingGroupName/kubernetes-eks",
            "availability_zones": [
              "us-east-1a",
              "us-east-1b"
            ],
            "default_cooldown": 300,
            "desired_capacity": 2,
            "enabled_metrics": [],
            "force_delete": false,
            "health_check_grace_period": 300,
            "health_check_type": "EC2",
            "id": "kubernetes-eks",
            "initial_lifecycle_hook": [],
            "launch_configuration": "kubernetes-eks20200429204150140200000006",
            "launch_template": [],
            "load_balancers": [],
            "max_instance_lifetime": 0,
            "max_size": 3,
            "metrics_granularity": "1Minute",
            "min_elb_capacity": null,
            "min_size": 1,
            "mixed_instances_policy": [],
            "name": "kubernetes-eks",
            "name_prefix": null,
            "placement_group": "",
            "protect_from_scale_in": false,
            "service_linked_role_arn": "arn:aws:iam::750461308246:role/aws-service-role/autoscaling.amazonaws.com/AWSServiceRoleForAutoScaling",
            "suspended_processes": [],
            "tag": [
              {
                "key": "ManagedBy",
                "propagate_at_launch": true,
                "value": "terraform"
              },
              {
                "key": "Name",
                "propagate_at_launch": true,
                "value": "kubernetes-eks"
              },
              {
                "key": "Project",
                "propagate_at_launch": true,
                "value": "k8s"
              },
              {
                "key": "kubernetes.io/cluster/var.aws_cluster_name",
                "propagate_at_launch": true,
                "value": "owned"
              }
            ],
            "tags": null,
            "target_group_arns": [],
            "termination_policies": [],
            "timeouts": null,
            "vpc_zone_identifier": [
              "subnet-003d7630b0f2437c6",
              "subnet-0d78ca82c2868be5f"
            ],
            "wait_for_capacity_timeout": "10m",
            "wait_for_elb_capacity": null
          },
          "private": "eyJlMmJmYjczMC1lY2FhLTExZTYtOGY4OC0zNDM2M2JjN2M0YzAiOnsiZGVsZXRlIjo2MDAwMDAwMDAwMDB9fQ==",
          "dependencies": [
            "aws_eks_cluster.cluster",
            "aws_iam_instance_profile.node",
            "aws_iam_role.cluster",
            "aws_iam_role.node",
            "aws_iam_role_policy_attachment.cluster-AmazonEKSClusterPolicy",
            "aws_iam_role_policy_attachment.cluster-AmazonEKSServicePolicy",
            "aws_launch_configuration.lc",
            "aws_security_group.cluster",
            "aws_security_group.node",
            "aws_subnet.public",
            "aws_vpc.main"
          ]
        }
      ]
    },
    {
      "mode": "managed",
      "type": "aws_eks_cluster",
      "name": "cluster",
      "each": "list",
      "provider": "provider.aws",
      "instances": [
        {
          "index_key": 0,
          "schema_version": 0,
          "attributes": {
            "arn": "arn:aws:eks:us-east-1:750461308246:cluster/kubernetes-eks",
            "certificate_authority": [
              {
                "data": "LS0tLS1CRUdJTiBDRVJUSUZJQ0FURS0tLS0tCk1JSUN5RENDQWJDZ0F3SUJBZ0lCQURBTkJna3Foa2lHOXcwQkFRc0ZBREFWTVJNd0VRWURWUVFERXdwcmRXSmwKY201bGRHVnpNQjRYRFRJd01EUXlPVEl3TXpnek9Gb1hEVE13TURReU56SXdNemd6T0Zvd0ZURVRNQkVHQTFVRQpBeE1LYTNWaVpYSnVaWFJsY3pDQ0FTSXdEUVlKS29aSWh2Y05BUUVCQlFBRGdnRVBBRENDQVFvQ2dnRUJBTnB1CktTSEMxY2RTeHN0Rm5KVTFvTGgyay9EU28zUTN3bGczUVNMcGRuUVM4VjliZ2JwNnpzLytLdVVYOUxrQ29NcjYKZ0huc1NqcXVYT1ljR3BMVWk0M0lndThyRE9SVEJDbFF2NlB0RW5Zc0doWHlXZnRqNlJjKzExcFYzenFFU0UxUwpUUHd0MXRSMTBFZlREcXlHejk0WHJDNHFmeXFFRkdlbU9PVlh5MUVIdTR4R2JZbkRkNk4rbEtlRTlXdXFtYnNRCjVBVk1KRnM4bjc0VnJyMGNyS0ViUDNFWUxTVmd5VHBoRU9tVWRZZnI4YjI5WXV4Rmx5cE80eFh4KzhoeTlIOE0KcVVHU2R6eTRFc0JCRFFYM1hRTFRjZW1acEpBeVR3MmYwWUk3Qk9pbzFaWWhFanJ6UFhSc25vVDVWZi9aSTNVRgpiSXkrK0lMMGpVdENVMFIvb2ZVQ0F3RUFBYU1qTUNFd0RnWURWUjBQQVFIL0JBUURBZ0trTUE4R0ExVWRFd0VCCi93UUZNQU1CQWY4d0RRWUpLb1pJaHZjTkFRRUxCUUFEZ2dFQkFFNVZvaTJPeFBseXZGZGpLdHFLbzdadHVaNkoKQmszT25XMVJkMm9Pekt5MElHTVM5dUh5ZEltdElCZTBYeU1Wak9zT2hUVFIxRmxaN2VsSGt0dDRPNEx0Z2dLYgpDYUFDQ3FveXhzK0s4L2hzSVdFOUs3V1VFWGFZKzBIeTI0cGtKb0hsUEJydjcwUHZhV0pyMklnSm1QeWtkV09KCnB5ckloNjhGVmRtSjJQMjhGbENEZE56bDd3cnp2ekl5NDNwUWd6cXVrVUpYSnoyVGkzbnY2VHZQTVV6T2xsRVEKVVd3Vy9pWWpVSUJwTXVTVXpHOTFoc3M4dWZKWFlUNFhNS0tCNTNsaENlczJsdFdDcmZocWdpTnRKM29EaTllZQpob1lLT2FrQ2dsMVIwRzNOU3Y3UU8weVRnSkkrODdOcmI0WDNEZWYzdCtOVWhwL0JFS0c1akwxNW5FUT0KLS0tLS1FTkQgQ0VSVElGSUNBVEUtLS0tLQo="
              }
            ],
            "created_at": "2020-04-29 20:30:20 +0000 UTC",
            "enabled_cluster_log_types": [],
            "encryption_config": [],
            "endpoint": "https://7BADB33CA011C6D62A2FF55BC2BB2B4F.gr7.us-east-1.eks.amazonaws.com",
            "id": "kubernetes-eks",
            "identity": [
              {
                "oidc": [
                  {
                    "issuer": "https://oidc.eks.us-east-1.amazonaws.com/id/7BADB33CA011C6D62A2FF55BC2BB2B4F"
                  }
                ]
              }
            ],
            "name": "kubernetes-eks",
            "platform_version": "eks.2",
            "role_arn": "arn:aws:iam::750461308246:role/kubernetes-eks",
            "status": "ACTIVE",
            "tags": {},
            "timeouts": null,
            "version": "1.15",
            "vpc_config": [
              {
                "cluster_security_group_id": "sg-0d5fcb2c778f463ec",
                "endpoint_private_access": false,
                "endpoint_public_access": true,
                "public_access_cidrs": [
                  "0.0.0.0/0"
                ],
                "security_group_ids": [
                  "sg-0f2a269989f7fdc38"
                ],
                "subnet_ids": [
                  "subnet-003d7630b0f2437c6",
                  "subnet-0d78ca82c2868be5f"
                ],
                "vpc_id": "vpc-02a5c81789fddc620"
              }
            ]
          },
          "private": "eyJlMmJmYjczMC1lY2FhLTExZTYtOGY4OC0zNDM2M2JjN2M0YzAiOnsiY3JlYXRlIjoxODAwMDAwMDAwMDAwLCJkZWxldGUiOjkwMDAwMDAwMDAwMCwidXBkYXRlIjozNjAwMDAwMDAwMDAwfX0=",
          "dependencies": [
            "aws_iam_role.cluster",
            "aws_iam_role_policy_attachment.cluster-AmazonEKSClusterPolicy",
            "aws_iam_role_policy_attachment.cluster-AmazonEKSServicePolicy",
            "aws_security_group.cluster",
            "aws_subnet.public",
            "aws_vpc.main"
          ]
        }
      ]
    },
    {
      "mode": "managed",
      "type": "aws_iam_instance_profile",
      "name": "node",
      "each": "list",
      "provider": "provider.aws",
      "instances": [
        {
          "index_key": 0,
          "schema_version": 0,
          "attributes": {
            "arn": "arn:aws:iam::750461308246:instance-profile/kubernetes-eks",
            "create_date": "2020-04-29T20:30:06Z",
            "id": "kubernetes-eks",
            "name": "kubernetes-eks",
            "name_prefix": null,
            "path": "/",
            "role": "kubernetes-eks.node",
            "roles": [
              "kubernetes-eks.node"
            ],
            "unique_id": "AIPA25OX2ZVLB4TSOCGRG"
          },
          "private": "bnVsbA==",
          "dependencies": [
            "aws_iam_role.node"
          ]
        }
      ]
    },
    {
      "mode": "managed",
      "type": "aws_iam_role",
      "name": "cluster",
      "each": "list",
      "provider": "provider.aws",
      "instances": [
        {
          "index_key": 0,
          "schema_version": 0,
          "attributes": {
            "arn": "arn:aws:iam::750461308246:role/kubernetes-eks",
            "assume_role_policy": "{\"Version\":\"2012-10-17\",\"Statement\":[{\"Effect\":\"Allow\",\"Principal\":{\"Service\":\"eks.amazonaws.com\"},\"Action\":\"sts:AssumeRole\"}]}",
            "create_date": "2020-04-29T20:30:04Z",
            "description": "",
            "force_detach_policies": false,
            "id": "kubernetes-eks",
            "max_session_duration": 3600,
            "name": "kubernetes-eks",
            "name_prefix": null,
            "path": "/",
            "permissions_boundary": null,
            "tags": {
              "ManagedBy": "terraform",
              "Project": "k8s"
            },
            "unique_id": "AROA25OX2ZVLGW5RXFPXE"
          },
          "private": "bnVsbA=="
        }
      ]
    },
    {
      "mode": "managed",
      "type": "aws_iam_role",
      "name": "node",
      "each": "list",
      "provider": "provider.aws",
      "instances": [
        {
          "index_key": 0,
          "schema_version": 0,
          "attributes": {
            "arn": "arn:aws:iam::750461308246:role/kubernetes-eks.node",
            "assume_role_policy": "{\"Version\":\"2012-10-17\",\"Statement\":[{\"Effect\":\"Allow\",\"Principal\":{\"Service\":\"ec2.amazonaws.com\"},\"Action\":\"sts:AssumeRole\"}]}",
            "create_date": "2020-04-29T20:30:04Z",
            "description": "",
            "force_detach_policies": false,
            "id": "kubernetes-eks.node",
            "max_session_duration": 3600,
            "name": "kubernetes-eks.node",
            "name_prefix": null,
            "path": "/",
            "permissions_boundary": null,
            "tags": {
              "ManagedBy": "terraform",
              "Project": "k8s"
            },
            "unique_id": "AROA25OX2ZVLEOOLFAMGH"
          },
          "private": "bnVsbA=="
        }
      ]
    },
    {
      "mode": "managed",
      "type": "aws_iam_role_policy_attachment",
      "name": "cluster-AmazonEKSClusterPolicy",
      "each": "list",
      "provider": "provider.aws",
      "instances": [
        {
          "index_key": 0,
          "schema_version": 0,
          "attributes": {
            "id": "kubernetes-eks-20200429203006413600000004",
            "policy_arn": "arn:aws:iam::aws:policy/AmazonEKSClusterPolicy",
            "role": "kubernetes-eks"
          },
          "private": "bnVsbA==",
          "dependencies": [
            "aws_iam_role.cluster"
          ]
        }
      ]
    },
    {
      "mode": "managed",
      "type": "aws_iam_role_policy_attachment",
      "name": "cluster-AmazonEKSServicePolicy",
      "each": "list",
      "provider": "provider.aws",
      "instances": [
        {
          "index_key": 0,
          "schema_version": 0,
          "attributes": {
            "id": "kubernetes-eks-20200429203006381800000003",
            "policy_arn": "arn:aws:iam::aws:policy/AmazonEKSServicePolicy",
            "role": "kubernetes-eks"
          },
          "private": "bnVsbA==",
          "dependencies": [
            "aws_iam_role.cluster"
          ]
        }
      ]
    },
    {
      "mode": "managed",
      "type": "aws_iam_role_policy_attachment",
      "name": "node-AmazonEC2ContainerRegistryReadOnly",
      "each": "list",
      "provider": "provider.aws",
      "instances": [
        {
          "index_key": 0,
          "schema_version": 0,
          "attributes": {
            "id": "kubernetes-eks.node-20200429203006433200000005",
            "policy_arn": "arn:aws:iam::aws:policy/AmazonEC2ContainerRegistryReadOnly",
            "role": "kubernetes-eks.node"
          },
          "private": "bnVsbA==",
          "dependencies": [
            "aws_iam_role.node"
          ]
        }
      ]
    },
    {
      "mode": "managed",
      "type": "aws_iam_role_policy_attachment",
      "name": "node-AmazonEKSWorkerNodePolicy",
      "each": "list",
      "provider": "provider.aws",
      "instances": [
        {
          "index_key": 0,
          "schema_version": 0,
          "attributes": {
            "id": "kubernetes-eks.node-20200429203006361900000001",
            "policy_arn": "arn:aws:iam::aws:policy/AmazonEKSWorkerNodePolicy",
            "role": "kubernetes-eks.node"
          },
          "private": "bnVsbA==",
          "dependencies": [
            "aws_iam_role.node"
          ]
        }
      ]
    },
    {
      "mode": "managed",
      "type": "aws_iam_role_policy_attachment",
      "name": "node-AmazonEKS_CNI_Policy",
      "each": "list",
      "provider": "provider.aws",
      "instances": [
        {
          "index_key": 0,
          "schema_version": 0,
          "attributes": {
            "id": "kubernetes-eks.node-20200429203006373600000002",
            "policy_arn": "arn:aws:iam::aws:policy/AmazonEKS_CNI_Policy",
            "role": "kubernetes-eks.node"
          },
          "private": "bnVsbA==",
          "dependencies": [
            "aws_iam_role.node"
          ]
        }
      ]
    },
    {
      "mode": "managed",
      "type": "aws_internet_gateway",
      "name": "igw",
      "each": "list",
      "provider": "provider.aws",
      "instances": [
        {
          "index_key": 0,
          "schema_version": 0,
          "attributes": {
            "id": "igw-04cdd159f231d89ae",
            "owner_id": "750461308246",
            "tags": {
              "ManagedBy": "terraform",
              "Project": "k8s"
            },
            "vpc_id": "vpc-02a5c81789fddc620"
          },
          "private": "bnVsbA==",
          "dependencies": [
            "aws_vpc.main"
          ]
        }
      ]
    },
    {
      "mode": "managed",
      "type": "aws_launch_configuration",
      "name": "lc",
      "each": "list",
      "provider": "provider.aws",
      "instances": [
        {
          "index_key": 0,
          "schema_version": 0,
          "attributes": {
            "arn": "arn:aws:autoscaling:us-east-1:750461308246:launchConfiguration:2115eb27-c674-42bf-9f43-65ba42f49a65:launchConfigurationName/kubernetes-eks20200429204150140200000006",
            "associate_public_ip_address": true,
            "ebs_block_device": [],
            "ebs_optimized": false,
            "enable_monitoring": true,
            "ephemeral_block_device": [],
            "iam_instance_profile": "kubernetes-eks",
            "id": "kubernetes-eks20200429204150140200000006",
            "image_id": "ami-0842e3f57a7f2db2e",
            "instance_type": "t3.medium",
            "key_name": "",
            "name": "kubernetes-eks20200429204150140200000006",
            "name_prefix": "kubernetes-eks",
            "placement_tenancy": null,
            "root_block_device": [],
            "security_groups": [
              "sg-00749932ff354e4a4"
            ],
            "spot_price": "",
            "user_data": null,
            "user_data_base64": "IyEvYmluL2Jhc2gKc2V0IC1vIHh0cmFjZQovZXRjL2Vrcy9ib290c3RyYXAuc2ggJ3Zhci5hd3NfY2x1c3Rlcl9uYW1lJwo=",
            "vpc_classic_link_id": "",
            "vpc_classic_link_security_groups": []
          },
          "private": "bnVsbA==",
          "dependencies": [
            "aws_eks_cluster.cluster",
            "aws_iam_instance_profile.node",
            "aws_iam_role.cluster",
            "aws_iam_role.node",
            "aws_iam_role_policy_attachment.cluster-AmazonEKSClusterPolicy",
            "aws_iam_role_policy_attachment.cluster-AmazonEKSServicePolicy",
            "aws_security_group.cluster",
            "aws_security_group.node",
            "aws_subnet.public",
            "aws_vpc.main"
          ]
        }
      ]
    },
    {
      "mode": "managed",
      "type": "aws_route_table",
      "name": "rt",
      "each": "list",
      "provider": "provider.aws",
      "instances": [
        {
          "index_key": 0,
          "schema_version": 0,
          "attributes": {
            "id": "rtb-038853e1e74bad6b8",
            "owner_id": "750461308246",
            "propagating_vgws": [],
            "route": [
              {
                "cidr_block": "0.0.0.0/0",
                "egress_only_gateway_id": "",
                "gateway_id": "igw-04cdd159f231d89ae",
                "instance_id": "",
                "ipv6_cidr_block": "",
                "nat_gateway_id": "",
                "network_interface_id": "",
                "transit_gateway_id": "",
                "vpc_peering_connection_id": ""
              }
            ],
            "tags": {
              "ManagedBy": "terraform",
              "Project": "k8s"
            },
            "vpc_id": "vpc-02a5c81789fddc620"
          },
          "private": "bnVsbA==",
          "dependencies": [
            "aws_internet_gateway.igw",
            "aws_vpc.main"
          ]
        }
      ]
    },
    {
      "mode": "managed",
      "type": "aws_route_table_association",
      "name": "rtassoc",
      "each": "list",
      "provider": "provider.aws",
      "instances": [
        {
          "index_key": 0,
          "schema_version": 0,
          "attributes": {
            "gateway_id": null,
            "id": "rtbassoc-0a77b0bf6e268a57f",
            "route_table_id": "rtb-038853e1e74bad6b8",
            "subnet_id": "subnet-0d78ca82c2868be5f"
          },
          "private": "bnVsbA==",
          "dependencies": [
            "aws_internet_gateway.igw",
            "aws_route_table.rt",
            "aws_subnet.public",
            "aws_vpc.main"
          ]
        },
        {
          "index_key": 1,
          "schema_version": 0,
          "attributes": {
            "gateway_id": null,
            "id": "rtbassoc-0025c99b97399aa43",
            "route_table_id": "rtb-038853e1e74bad6b8",
            "subnet_id": "subnet-003d7630b0f2437c6"
          },
          "private": "bnVsbA==",
          "dependencies": [
            "aws_internet_gateway.igw",
            "aws_route_table.rt",
            "aws_subnet.public",
            "aws_vpc.main"
          ]
        }
      ]
    },
    {
      "mode": "managed",
      "type": "aws_security_group",
      "name": "cluster",
      "each": "list",
      "provider": "provider.aws",
      "instances": [
        {
          "index_key": 0,
          "schema_version": 1,
          "attributes": {
            "arn": "arn:aws:ec2:us-east-1:750461308246:security-group/sg-0f2a269989f7fdc38",
            "description": "Cluster communication with worker nodes",
            "egress": [
              {
                "cidr_blocks": [
                  "0.0.0.0/0"
                ],
                "description": "",
                "from_port": 0,
                "ipv6_cidr_blocks": [],
                "prefix_list_ids": [],
                "protocol": "-1",
                "security_groups": [],
                "self": false,
                "to_port": 0
              }
            ],
            "id": "sg-0f2a269989f7fdc38",
            "ingress": [
              {
                "cidr_blocks": [
                  "0.0.0.0/0"
                ],
                "description": "Allow workstation to communicate with the cluster API Server",
                "from_port": 443,
                "ipv6_cidr_blocks": [],
                "prefix_list_ids": [],
                "protocol": "tcp",
                "security_groups": [],
                "self": false,
                "to_port": 443
              },
              {
                "cidr_blocks": [],
                "description": "Allow pods to communicate with the cluster API Server",
                "from_port": 443,
                "ipv6_cidr_blocks": [],
                "prefix_list_ids": [],
                "protocol": "tcp",
                "security_groups": [
                  "sg-00749932ff354e4a4"
                ],
                "self": false,
                "to_port": 443
              }
            ],
            "name": "kubernetes-eks",
            "name_prefix": null,
            "owner_id": "750461308246",
            "revoke_rules_on_delete": false,
            "tags": {
              "ManagedBy": "terraform",
              "Project": "k8s"
            },
            "timeouts": null,
            "vpc_id": "vpc-02a5c81789fddc620"
          },
          "private": "eyJlMmJmYjczMC1lY2FhLTExZTYtOGY4OC0zNDM2M2JjN2M0YzAiOnsiY3JlYXRlIjo2MDAwMDAwMDAwMDAsImRlbGV0ZSI6NjAwMDAwMDAwMDAwfSwic2NoZW1hX3ZlcnNpb24iOiIxIn0=",
          "dependencies": [
            "aws_vpc.main"
          ]
        }
      ]
    },
    {
      "mode": "managed",
      "type": "aws_security_group",
      "name": "node",
      "each": "list",
      "provider": "provider.aws",
      "instances": [
        {
          "index_key": 0,
          "schema_version": 1,
          "attributes": {
            "arn": "arn:aws:ec2:us-east-1:750461308246:security-group/sg-00749932ff354e4a4",
            "description": "Security group for all nodes in the cluster",
            "egress": [
              {
                "cidr_blocks": [
                  "0.0.0.0/0"
                ],
                "description": "",
                "from_port": 0,
                "ipv6_cidr_blocks": [],
                "prefix_list_ids": [],
                "protocol": "-1",
                "security_groups": [],
                "self": false,
                "to_port": 0
              }
            ],
            "id": "sg-00749932ff354e4a4",
            "ingress": [
              {
                "cidr_blocks": [],
                "description": "Allow node to communicate with each other",
                "from_port": 0,
                "ipv6_cidr_blocks": [],
                "prefix_list_ids": [],
                "protocol": "-1",
                "security_groups": [],
                "self": true,
                "to_port": 0
              },
              {
                "cidr_blocks": [],
                "description": "Allow worker Kubelets and pods to receive communication from the cluster control plane",
                "from_port": 1025,
                "ipv6_cidr_blocks": [],
                "prefix_list_ids": [],
                "protocol": "tcp",
                "security_groups": [
                  "sg-0f2a269989f7fdc38"
                ],
                "self": false,
                "to_port": 65535
              }
            ],
            "name": "kubernetes-eks-node",
            "name_prefix": null,
            "owner_id": "750461308246",
            "revoke_rules_on_delete": false,
            "tags": {
              "ManagedBy": "terraform",
              "Project": "k8s",
              "kubernetes.io/cluster/var.aws_cluster_name": "owned"
            },
            "timeouts": null,
            "vpc_id": "vpc-02a5c81789fddc620"
          },
          "private": "eyJlMmJmYjczMC1lY2FhLTExZTYtOGY4OC0zNDM2M2JjN2M0YzAiOnsiY3JlYXRlIjo2MDAwMDAwMDAwMDAsImRlbGV0ZSI6NjAwMDAwMDAwMDAwfSwic2NoZW1hX3ZlcnNpb24iOiIxIn0=",
          "dependencies": [
            "aws_vpc.main"
          ]
        }
      ]
    },
    {
      "mode": "managed",
      "type": "aws_security_group_rule",
      "name": "cluster-ingress-node-https",
      "each": "list",
      "provider": "provider.aws",
      "instances": [
        {
          "index_key": 0,
          "schema_version": 2,
          "attributes": {
            "cidr_blocks": [],
            "description": "Allow pods to communicate with the cluster API Server",
            "from_port": 443,
            "id": "sgrule-736896439",
            "ipv6_cidr_blocks": [],
            "prefix_list_ids": [],
            "protocol": "tcp",
            "security_group_id": "sg-0f2a269989f7fdc38",
            "self": false,
            "source_security_group_id": "sg-00749932ff354e4a4",
            "to_port": 443,
            "type": "ingress"
          },
          "private": "eyJzY2hlbWFfdmVyc2lvbiI6IjIifQ==",
          "dependencies": [
            "aws_security_group.cluster",
            "aws_security_group.node",
            "aws_vpc.main"
          ]
        }
      ]
    },
    {
      "mode": "managed",
      "type": "aws_security_group_rule",
      "name": "cluster-ingress-workstation-https",
      "each": "list",
      "provider": "provider.aws",
      "instances": [
        {
          "index_key": 0,
          "schema_version": 2,
          "attributes": {
            "cidr_blocks": [
              "0.0.0.0/0"
            ],
            "description": "Allow workstation to communicate with the cluster API Server",
            "from_port": 443,
            "id": "sgrule-3365211591",
            "ipv6_cidr_blocks": [],
            "prefix_list_ids": [],
            "protocol": "tcp",
            "security_group_id": "sg-0f2a269989f7fdc38",
            "self": false,
            "source_security_group_id": null,
            "to_port": 443,
            "type": "ingress"
          },
          "private": "eyJzY2hlbWFfdmVyc2lvbiI6IjIifQ==",
          "dependencies": [
            "aws_security_group.cluster",
            "aws_vpc.main"
          ]
        }
      ]
    },
    {
      "mode": "managed",
      "type": "aws_security_group_rule",
      "name": "demo-node-ingress-cluster",
      "each": "list",
      "provider": "provider.aws",
      "instances": [
        {
          "index_key": 0,
          "schema_version": 2,
          "attributes": {
            "cidr_blocks": [],
            "description": "Allow worker Kubelets and pods to receive communication from the cluster control plane",
            "from_port": 1025,
            "id": "sgrule-2224672087",
            "ipv6_cidr_blocks": [],
            "prefix_list_ids": [],
            "protocol": "tcp",
            "security_group_id": "sg-00749932ff354e4a4",
            "self": false,
            "source_security_group_id": "sg-0f2a269989f7fdc38",
            "to_port": 65535,
            "type": "ingress"
          },
          "private": "eyJzY2hlbWFfdmVyc2lvbiI6IjIifQ==",
          "dependencies": [
            "aws_security_group.cluster",
            "aws_security_group.node",
            "aws_vpc.main"
          ]
        }
      ]
    },
    {
      "mode": "managed",
      "type": "aws_security_group_rule",
      "name": "demo-node-ingress-self",
      "each": "list",
      "provider": "provider.aws",
      "instances": [
        {
          "index_key": 0,
          "schema_version": 2,
          "attributes": {
            "cidr_blocks": [],
            "description": "Allow node to communicate with each other",
            "from_port": 0,
            "id": "sgrule-3617814355",
            "ipv6_cidr_blocks": [],
            "prefix_list_ids": [],
            "protocol": "-1",
            "security_group_id": "sg-00749932ff354e4a4",
            "self": false,
            "source_security_group_id": "sg-00749932ff354e4a4",
            "to_port": 0,
            "type": "ingress"
          },
          "private": "eyJzY2hlbWFfdmVyc2lvbiI6IjIifQ==",
          "dependencies": [
            "aws_security_group.node",
            "aws_vpc.main"
          ]
        }
      ]
    },
    {
      "mode": "managed",
      "type": "aws_subnet",
      "name": "public",
      "each": "list",
      "provider": "provider.aws",
      "instances": [
        {
          "index_key": 0,
          "schema_version": 1,
          "attributes": {
            "arn": "arn:aws:ec2:us-east-1:750461308246:subnet/subnet-0d78ca82c2868be5f",
            "assign_ipv6_address_on_creation": false,
            "availability_zone": "us-east-1a",
            "availability_zone_id": "use1-az6",
            "cidr_block": "10.0.0.0/24",
            "id": "subnet-0d78ca82c2868be5f",
            "ipv6_cidr_block": "",
            "ipv6_cidr_block_association_id": "",
            "map_public_ip_on_launch": false,
            "owner_id": "750461308246",
            "tags": {
              "ManagedBy": "terraform",
              "Project": "k8s",
              "kubernetes.io/cluster/var.aws_cluster_name": "shared"
            },
            "timeouts": null,
            "vpc_id": "vpc-02a5c81789fddc620"
          },
          "private": "eyJlMmJmYjczMC1lY2FhLTExZTYtOGY4OC0zNDM2M2JjN2M0YzAiOnsiY3JlYXRlIjo2MDAwMDAwMDAwMDAsImRlbGV0ZSI6MTIwMDAwMDAwMDAwMH0sInNjaGVtYV92ZXJzaW9uIjoiMSJ9",
          "dependencies": [
            "aws_vpc.main"
          ]
        },
        {
          "index_key": 1,
          "schema_version": 1,
          "attributes": {
            "arn": "arn:aws:ec2:us-east-1:750461308246:subnet/subnet-003d7630b0f2437c6",
            "assign_ipv6_address_on_creation": false,
            "availability_zone": "us-east-1b",
            "availability_zone_id": "use1-az1",
            "cidr_block": "10.0.1.0/24",
            "id": "subnet-003d7630b0f2437c6",
            "ipv6_cidr_block": "",
            "ipv6_cidr_block_association_id": "",
            "map_public_ip_on_launch": false,
            "owner_id": "750461308246",
            "tags": {
              "ManagedBy": "terraform",
              "Project": "k8s",
              "kubernetes.io/cluster/var.aws_cluster_name": "shared"
            },
            "timeouts": null,
            "vpc_id": "vpc-02a5c81789fddc620"
          },
          "private": "eyJlMmJmYjczMC1lY2FhLTExZTYtOGY4OC0zNDM2M2JjN2M0YzAiOnsiY3JlYXRlIjo2MDAwMDAwMDAwMDAsImRlbGV0ZSI6MTIwMDAwMDAwMDAwMH0sInNjaGVtYV92ZXJzaW9uIjoiMSJ9",
          "dependencies": [
            "aws_vpc.main"
          ]
        }
      ]
    },
    {
      "mode": "managed",
      "type": "aws_vpc",
      "name": "main",
      "each": "list",
      "provider": "provider.aws",
      "instances": [
        {
          "index_key": 0,
          "schema_version": 1,
          "attributes": {
            "arn": "arn:aws:ec2:us-east-1:750461308246:vpc/vpc-02a5c81789fddc620",
            "assign_generated_ipv6_cidr_block": false,
            "cidr_block": "10.0.0.0/16",
            "default_network_acl_id": "acl-00ac2e14ba0075bfe",
            "default_route_table_id": "rtb-05d48c73a4bf40e3a",
            "default_security_group_id": "sg-03d0c8fad545f0968",
            "dhcp_options_id": "dopt-0a467ac9524009528",
            "enable_classiclink": false,
            "enable_classiclink_dns_support": false,
            "enable_dns_hostnames": true,
            "enable_dns_support": true,
            "id": "vpc-02a5c81789fddc620",
            "instance_tenancy": "default",
            "ipv6_association_id": "",
            "ipv6_cidr_block": "",
            "main_route_table_id": "rtb-05d48c73a4bf40e3a",
            "owner_id": "750461308246",
            "tags": {
              "ManagedBy": "terraform",
              "Project": "eks",
              "kubernetes.io/cluster/var.aws_cluster_name": "shared"
            }
          },
          "private": "eyJzY2hlbWFfdmVyc2lvbiI6IjEifQ=="
        }
      ]
    }
  ]
}
