{
  "version": 4,
  "terraform_version": "0.12.24",
  "serial": 48,
  "lineage": "bd498ecb-f923-5bdf-2aea-1d24ed10da8a",
  "outputs": {},
  "resources": [
    {
      "module": "module.my-cluster",
      "mode": "data",
      "type": "aws_ami",
      "name": "eks_worker",
      "provider": "provider.aws",
      "instances": [
        {
          "schema_version": 0,
          "attributes": {
            "architecture": "x86_64",
            "block_device_mappings": [
              {
                "device_name": "/dev/xvda",
                "ebs": {
                  "delete_on_termination": "true",
                  "encrypted": "false",
                  "iops": "0",
                  "snapshot_id": "snap-0ad82c3440147b14a",
                  "volume_size": "20",
                  "volume_type": "gp2"
                },
                "no_device": "",
                "virtual_name": ""
              }
            ],
            "creation_date": "2020-04-24T01:42:52.000Z",
            "description": "EKS Kubernetes Worker AMI with AmazonLinux2 image, (k8s: 1.14.9, docker:18.09.9ce-2.amzn2)",
            "executable_users": null,
            "filter": [
              {
                "name": "name",
                "values": [
                  "amazon-eks-node-1.14-v*"
                ]
              }
            ],
            "hypervisor": "xen",
            "id": "ami-02c8a451fa1621e97",
            "image_id": "ami-02c8a451fa1621e97",
            "image_location": "amazon/amazon-eks-node-1.14-v20200423",
            "image_owner_alias": "amazon",
            "image_type": "machine",
            "kernel_id": null,
            "most_recent": true,
            "name": "amazon-eks-node-1.14-v20200423",
            "name_regex": null,
            "owner_id": "602401143452",
            "owners": [
              "602401143452"
            ],
            "platform": null,
            "product_codes": [],
            "public": true,
            "ramdisk_id": null,
            "root_device_name": "/dev/xvda",
            "root_device_type": "ebs",
            "root_snapshot_id": "snap-0ad82c3440147b14a",
            "sriov_net_support": "simple",
            "state": "available",
            "state_reason": {
              "code": "UNSET",
              "message": "UNSET"
            },
            "tags": {},
            "virtualization_type": "hvm"
          }
        }
      ]
    },
    {
      "module": "module.my-cluster",
      "mode": "data",
      "type": "aws_ami",
      "name": "eks_worker_windows",
      "provider": "provider.aws",
      "instances": [
        {
          "schema_version": 0,
          "attributes": {
            "architecture": "x86_64",
            "block_device_mappings": [
              {
                "device_name": "/dev/sda1",
                "ebs": {
                  "delete_on_termination": "true",
                  "encrypted": "false",
                  "iops": "0",
                  "snapshot_id": "snap-007dab9ba6643a55f",
                  "volume_size": "50",
                  "volume_type": "gp2"
                },
                "no_device": "",
                "virtual_name": ""
              },
              {
                "device_name": "xvdca",
                "ebs": {},
                "no_device": "",
                "virtual_name": "ephemeral0"
              },
              {
                "device_name": "xvdcb",
                "ebs": {},
                "no_device": "",
                "virtual_name": "ephemeral1"
              },
              {
                "device_name": "xvdcc",
                "ebs": {},
                "no_device": "",
                "virtual_name": "ephemeral2"
              },
              {
                "device_name": "xvdcd",
                "ebs": {},
                "no_device": "",
                "virtual_name": "ephemeral3"
              },
              {
                "device_name": "xvdce",
                "ebs": {},
                "no_device": "",
                "virtual_name": "ephemeral4"
              },
              {
                "device_name": "xvdcf",
                "ebs": {},
                "no_device": "",
                "virtual_name": "ephemeral5"
              },
              {
                "device_name": "xvdcg",
                "ebs": {},
                "no_device": "",
                "virtual_name": "ephemeral6"
              },
              {
                "device_name": "xvdch",
                "ebs": {},
                "no_device": "",
                "virtual_name": "ephemeral7"
              },
              {
                "device_name": "xvdci",
                "ebs": {},
                "no_device": "",
                "virtual_name": "ephemeral8"
              },
              {
                "device_name": "xvdcj",
                "ebs": {},
                "no_device": "",
                "virtual_name": "ephemeral9"
              },
              {
                "device_name": "xvdck",
                "ebs": {},
                "no_device": "",
                "virtual_name": "ephemeral10"
              },
              {
                "device_name": "xvdcl",
                "ebs": {},
                "no_device": "",
                "virtual_name": "ephemeral11"
              },
              {
                "device_name": "xvdcm",
                "ebs": {},
                "no_device": "",
                "virtual_name": "ephemeral12"
              },
              {
                "device_name": "xvdcn",
                "ebs": {},
                "no_device": "",
                "virtual_name": "ephemeral13"
              },
              {
                "device_name": "xvdco",
                "ebs": {},
                "no_device": "",
                "virtual_name": "ephemeral14"
              },
              {
                "device_name": "xvdcp",
                "ebs": {},
                "no_device": "",
                "virtual_name": "ephemeral15"
              },
              {
                "device_name": "xvdcq",
                "ebs": {},
                "no_device": "",
                "virtual_name": "ephemeral16"
              },
              {
                "device_name": "xvdcr",
                "ebs": {},
                "no_device": "",
                "virtual_name": "ephemeral17"
              },
              {
                "device_name": "xvdcs",
                "ebs": {},
                "no_device": "",
                "virtual_name": "ephemeral18"
              },
              {
                "device_name": "xvdct",
                "ebs": {},
                "no_device": "",
                "virtual_name": "ephemeral19"
              },
              {
                "device_name": "xvdcu",
                "ebs": {},
                "no_device": "",
                "virtual_name": "ephemeral20"
              },
              {
                "device_name": "xvdcv",
                "ebs": {},
                "no_device": "",
                "virtual_name": "ephemeral21"
              },
              {
                "device_name": "xvdcw",
                "ebs": {},
                "no_device": "",
                "virtual_name": "ephemeral22"
              },
              {
                "device_name": "xvdcx",
                "ebs": {},
                "no_device": "",
                "virtual_name": "ephemeral23"
              },
              {
                "device_name": "xvdcy",
                "ebs": {},
                "no_device": "",
                "virtual_name": "ephemeral24"
              },
              {
                "device_name": "xvdcz",
                "ebs": {},
                "no_device": "",
                "virtual_name": "ephemeral25"
              }
            ],
            "creation_date": "2020-04-15T08:09:25.000Z",
            "description": "Microsoft Windows Server 2019 Core optimized for EKS and provided by Amazon",
            "executable_users": null,
            "filter": [
              {
                "name": "name",
                "values": [
                  "Windows_Server-2019-English-Core-EKS_Optimized-1.14-*"
                ]
              },
              {
                "name": "platform",
                "values": [
                  "windows"
                ]
              }
            ],
            "hypervisor": "xen",
            "id": "ami-0315307ffacfc8373",
            "image_id": "ami-0315307ffacfc8373",
            "image_location": "amazon/Windows_Server-2019-English-Core-EKS_Optimized-1.14-2020.04.15",
            "image_owner_alias": "amazon",
            "image_type": "machine",
            "kernel_id": null,
            "most_recent": true,
            "name": "Windows_Server-2019-English-Core-EKS_Optimized-1.14-2020.04.15",
            "name_regex": null,
            "owner_id": "801119661308",
            "owners": [
              "801119661308"
            ],
            "platform": "windows",
            "product_codes": [],
            "public": true,
            "ramdisk_id": null,
            "root_device_name": "/dev/sda1",
            "root_device_type": "ebs",
            "root_snapshot_id": "snap-007dab9ba6643a55f",
            "sriov_net_support": "simple",
            "state": "available",
            "state_reason": {
              "code": "UNSET",
              "message": "UNSET"
            },
            "tags": {},
            "virtualization_type": "hvm"
          }
        }
      ]
    },
    {
      "module": "module.my-cluster",
      "mode": "data",
      "type": "aws_caller_identity",
      "name": "current",
      "provider": "provider.aws",
      "instances": [
        {
          "schema_version": 0,
          "attributes": {
            "account_id": "750461308246",
            "arn": "arn:aws:iam::750461308246:user/cloud_user",
            "id": "2020-04-29 21:05:35.469545 +0000 UTC",
            "user_id": "AIDA25OX2ZVLLP4O7E3GR"
          }
        }
      ]
    },
    {
      "mode": "data",
      "type": "aws_eks_cluster",
      "name": "cluster",
      "provider": "provider.aws",
      "instances": []
    },
    {
      "mode": "data",
      "type": "aws_eks_cluster_auth",
      "name": "cluster",
      "provider": "provider.aws",
      "instances": []
    },
    {
      "module": "module.my-cluster",
      "mode": "data",
      "type": "aws_iam_instance_profile",
      "name": "custom_worker_group_iam_instance_profile",
      "each": "list",
      "provider": "provider.aws",
      "instances": []
    },
    {
      "module": "module.my-cluster",
      "mode": "data",
      "type": "aws_iam_instance_profile",
      "name": "custom_worker_group_launch_template_iam_instance_profile",
      "each": "list",
      "provider": "provider.aws",
      "instances": []
    },
    {
      "module": "module.my-cluster",
      "mode": "data",
      "type": "aws_iam_policy_document",
      "name": "cluster_assume_role_policy",
      "provider": "provider.aws",
      "instances": [
        {
          "schema_version": 0,
          "attributes": {
            "id": "2764486067",
            "json": "{\n  \"Version\": \"2012-10-17\",\n  \"Statement\": [\n    {\n      \"Sid\": \"EKSClusterAssumeRole\",\n      \"Effect\": \"Allow\",\n      \"Action\": \"sts:AssumeRole\",\n      \"Principal\": {\n        \"Service\": \"eks.amazonaws.com\"\n      }\n    }\n  ]\n}",
            "override_json": null,
            "policy_id": null,
            "source_json": null,
            "statement": [
              {
                "actions": [
                  "sts:AssumeRole"
                ],
                "condition": [],
                "effect": "Allow",
                "not_actions": [],
                "not_principals": [],
                "not_resources": [],
                "principals": [
                  {
                    "identifiers": [
                      "eks.amazonaws.com"
                    ],
                    "type": "Service"
                  }
                ],
                "resources": [],
                "sid": "EKSClusterAssumeRole"
              }
            ],
            "version": "2012-10-17"
          }
        }
      ]
    },
    {
      "module": "module.my-cluster",
      "mode": "data",
      "type": "aws_iam_policy_document",
      "name": "workers_assume_role_policy",
      "provider": "provider.aws",
      "instances": [
        {
          "schema_version": 0,
          "attributes": {
            "id": "3778018924",
            "json": "{\n  \"Version\": \"2012-10-17\",\n  \"Statement\": [\n    {\n      \"Sid\": \"EKSWorkerAssumeRole\",\n      \"Effect\": \"Allow\",\n      \"Action\": \"sts:AssumeRole\",\n      \"Principal\": {\n        \"Service\": \"ec2.amazonaws.com\"\n      }\n    }\n  ]\n}",
            "override_json": null,
            "policy_id": null,
            "source_json": null,
            "statement": [
              {
                "actions": [
                  "sts:AssumeRole"
                ],
                "condition": [],
                "effect": "Allow",
                "not_actions": [],
                "not_principals": [],
                "not_resources": [],
                "principals": [
                  {
                    "identifiers": [
                      "ec2.amazonaws.com"
                    ],
                    "type": "Service"
                  }
                ],
                "resources": [],
                "sid": "EKSWorkerAssumeRole"
              }
            ],
            "version": "2012-10-17"
          }
        }
      ]
    },
    {
      "module": "module.my-cluster",
      "mode": "data",
      "type": "aws_iam_role",
      "name": "custom_cluster_iam_role",
      "each": "list",
      "provider": "provider.aws",
      "instances": []
    },
    {
      "module": "module.my-cluster",
      "mode": "data",
      "type": "aws_partition",
      "name": "current",
      "provider": "provider.aws",
      "instances": [
        {
          "schema_version": 0,
          "attributes": {
            "dns_suffix": "amazonaws.com",
            "id": "2020-04-29 21:05:34.835335 +0000 UTC",
            "partition": "aws"
          }
        }
      ]
    },
    {
      "module": "module.my-cluster",
      "mode": "data",
      "type": "null_data_source",
      "name": "node_groups",
      "each": "list",
      "provider": "provider.null",
      "instances": []
    },
    {
      "module": "module.my-cluster",
      "mode": "data",
      "type": "template_file",
      "name": "aws_authenticator_env_variables",
      "each": "list",
      "provider": "provider.template",
      "instances": []
    },
    {
      "module": "module.my-cluster",
      "mode": "data",
      "type": "template_file",
      "name": "kubeconfig",
      "each": "list",
      "provider": "provider.template",
      "instances": []
    },
    {
      "module": "module.my-cluster",
      "mode": "data",
      "type": "template_file",
      "name": "userdata",
      "each": "list",
      "provider": "provider.template",
      "instances": []
    },
    {
      "module": "module.my-cluster",
      "mode": "managed",
      "type": "aws_autoscaling_group",
      "name": "workers",
      "each": "list",
      "provider": "provider.aws",
      "instances": []
    },
    {
      "module": "module.my-cluster",
      "mode": "managed",
      "type": "aws_cloudwatch_log_group",
      "name": "this",
      "each": "list",
      "provider": "provider.aws",
      "instances": []
    },
    {
      "mode": "managed",
      "type": "aws_eks_cluster",
      "name": "cluster",
      "each": "list",
      "provider": "provider.aws",
      "instances": [
        {
          "index_key": 0,
          "schema_version": 0,
          "attributes": {
            "arn": "arn:aws:eks:us-east-1:750461308246:cluster/kubernetes-eks",
            "certificate_authority": [
              {
                "data": "LS0tLS1CRUdJTiBDRVJUSUZJQ0FURS0tLS0tCk1JSUN5RENDQWJDZ0F3SUJBZ0lCQURBTkJna3Foa2lHOXcwQkFRc0ZBREFWTVJNd0VRWURWUVFERXdwcmRXSmwKY201bGRHVnpNQjRYRFRJd01EUXlPVEl3TXpnek9Gb1hEVE13TURReU56SXdNemd6T0Zvd0ZURVRNQkVHQTFVRQpBeE1LYTNWaVpYSnVaWFJsY3pDQ0FTSXdEUVlKS29aSWh2Y05BUUVCQlFBRGdnRVBBRENDQVFvQ2dnRUJBTnB1CktTSEMxY2RTeHN0Rm5KVTFvTGgyay9EU28zUTN3bGczUVNMcGRuUVM4VjliZ2JwNnpzLytLdVVYOUxrQ29NcjYKZ0huc1NqcXVYT1ljR3BMVWk0M0lndThyRE9SVEJDbFF2NlB0RW5Zc0doWHlXZnRqNlJjKzExcFYzenFFU0UxUwpUUHd0MXRSMTBFZlREcXlHejk0WHJDNHFmeXFFRkdlbU9PVlh5MUVIdTR4R2JZbkRkNk4rbEtlRTlXdXFtYnNRCjVBVk1KRnM4bjc0VnJyMGNyS0ViUDNFWUxTVmd5VHBoRU9tVWRZZnI4YjI5WXV4Rmx5cE80eFh4KzhoeTlIOE0KcVVHU2R6eTRFc0JCRFFYM1hRTFRjZW1acEpBeVR3MmYwWUk3Qk9pbzFaWWhFanJ6UFhSc25vVDVWZi9aSTNVRgpiSXkrK0lMMGpVdENVMFIvb2ZVQ0F3RUFBYU1qTUNFd0RnWURWUjBQQVFIL0JBUURBZ0trTUE4R0ExVWRFd0VCCi93UUZNQU1CQWY4d0RRWUpLb1pJaHZjTkFRRUxCUUFEZ2dFQkFFNVZvaTJPeFBseXZGZGpLdHFLbzdadHVaNkoKQmszT25XMVJkMm9Pekt5MElHTVM5dUh5ZEltdElCZTBYeU1Wak9zT2hUVFIxRmxaN2VsSGt0dDRPNEx0Z2dLYgpDYUFDQ3FveXhzK0s4L2hzSVdFOUs3V1VFWGFZKzBIeTI0cGtKb0hsUEJydjcwUHZhV0pyMklnSm1QeWtkV09KCnB5ckloNjhGVmRtSjJQMjhGbENEZE56bDd3cnp2ekl5NDNwUWd6cXVrVUpYSnoyVGkzbnY2VHZQTVV6T2xsRVEKVVd3Vy9pWWpVSUJwTXVTVXpHOTFoc3M4dWZKWFlUNFhNS0tCNTNsaENlczJsdFdDcmZocWdpTnRKM29EaTllZQpob1lLT2FrQ2dsMVIwRzNOU3Y3UU8weVRnSkkrODdOcmI0WDNEZWYzdCtOVWhwL0JFS0c1akwxNW5FUT0KLS0tLS1FTkQgQ0VSVElGSUNBVEUtLS0tLQo="
              }
            ],
            "created_at": "2020-04-29 20:30:20 +0000 UTC",
            "enabled_cluster_log_types": [],
            "encryption_config": [],
            "endpoint": "https://7BADB33CA011C6D62A2FF55BC2BB2B4F.gr7.us-east-1.eks.amazonaws.com",
            "id": "kubernetes-eks",
            "identity": [
              {
                "oidc": [
                  {
                    "issuer": "https://oidc.eks.us-east-1.amazonaws.com/id/7BADB33CA011C6D62A2FF55BC2BB2B4F"
                  }
                ]
              }
            ],
            "name": "kubernetes-eks",
            "platform_version": "eks.2",
            "role_arn": "arn:aws:iam::750461308246:role/kubernetes-eks",
            "status": "ACTIVE",
            "tags": {},
            "timeouts": null,
            "version": "1.15",
            "vpc_config": [
              {
                "cluster_security_group_id": "sg-0d5fcb2c778f463ec",
                "endpoint_private_access": false,
                "endpoint_public_access": true,
                "public_access_cidrs": [
                  "0.0.0.0/0"
                ],
                "security_group_ids": [
                  "sg-0f2a269989f7fdc38"
                ],
                "subnet_ids": [
                  "subnet-003d7630b0f2437c6",
                  "subnet-0d78ca82c2868be5f"
                ],
                "vpc_id": "vpc-02a5c81789fddc620"
              }
            ]
          },
          "private": "eyJlMmJmYjczMC1lY2FhLTExZTYtOGY4OC0zNDM2M2JjN2M0YzAiOnsiY3JlYXRlIjoxODAwMDAwMDAwMDAwLCJkZWxldGUiOjkwMDAwMDAwMDAwMCwidXBkYXRlIjozNjAwMDAwMDAwMDAwfX0=",
          "dependencies": [
            "aws_iam_role.cluster",
            "aws_iam_role_policy_attachment.cluster-AmazonEKSClusterPolicy",
            "aws_iam_role_policy_attachment.cluster-AmazonEKSServicePolicy",
            "aws_security_group.cluster",
            "aws_subnet.public",
            "aws_vpc.main"
          ]
        }
      ]
    },
    {
      "module": "module.my-cluster",
      "mode": "managed",
      "type": "aws_eks_cluster",
      "name": "this",
      "each": "list",
      "provider": "provider.aws",
      "instances": []
    },
    {
      "module": "module.my-cluster",
      "mode": "managed",
      "type": "aws_iam_instance_profile",
      "name": "workers",
      "each": "list",
      "provider": "provider.aws",
      "instances": []
    },
    {
      "module": "module.my-cluster",
      "mode": "managed",
      "type": "aws_iam_instance_profile",
      "name": "workers_launch_template",
      "each": "list",
      "provider": "provider.aws",
      "instances": []
    },
    {
      "module": "module.my-cluster",
      "mode": "managed",
      "type": "aws_iam_role",
      "name": "cluster",
      "each": "list",
      "provider": "provider.aws",
      "instances": [
        {
          "index_key": 0,
          "schema_version": 0,
          "attributes": {
            "arn": "arn:aws:iam::750461308246:role/my-cluster20200429210548165300000001",
            "assume_role_policy": "{\"Version\":\"2012-10-17\",\"Statement\":[{\"Sid\":\"EKSClusterAssumeRole\",\"Effect\":\"Allow\",\"Principal\":{\"Service\":\"eks.amazonaws.com\"},\"Action\":\"sts:AssumeRole\"}]}",
            "create_date": "2020-04-29T21:05:48Z",
            "description": "",
            "force_detach_policies": true,
            "id": "my-cluster20200429210548165300000001",
            "max_session_duration": 3600,
            "name": "my-cluster20200429210548165300000001",
            "name_prefix": "my-cluster",
            "path": "/",
            "permissions_boundary": null,
            "tags": null,
            "unique_id": "AROA25OX2ZVLPWFHYWQAC"
          },
          "private": "bnVsbA=="
        }
      ]
    },
    {
      "mode": "managed",
      "type": "aws_iam_role",
      "name": "cluster",
      "each": "list",
      "provider": "provider.aws",
      "instances": [
        {
          "index_key": 0,
          "schema_version": 0,
          "attributes": {
            "arn": "arn:aws:iam::750461308246:role/kubernetes-eks",
            "assume_role_policy": "{\"Version\":\"2012-10-17\",\"Statement\":[{\"Effect\":\"Allow\",\"Principal\":{\"Service\":\"eks.amazonaws.com\"},\"Action\":\"sts:AssumeRole\"}]}",
            "create_date": "2020-04-29T20:30:04Z",
            "description": "",
            "force_detach_policies": false,
            "id": "kubernetes-eks",
            "max_session_duration": 3600,
            "name": "kubernetes-eks",
            "name_prefix": null,
            "path": "/",
            "permissions_boundary": null,
            "tags": {
              "ManagedBy": "terraform",
              "Project": "k8s"
            },
            "unique_id": "AROA25OX2ZVLGW5RXFPXE"
          },
          "private": "bnVsbA=="
        }
      ]
    },
    {
      "mode": "managed",
      "type": "aws_iam_role",
      "name": "node",
      "each": "list",
      "provider": "provider.aws",
      "instances": []
    },
    {
      "module": "module.my-cluster",
      "mode": "managed",
      "type": "aws_iam_role",
      "name": "workers",
      "each": "list",
      "provider": "provider.aws",
      "instances": []
    },
    {
      "mode": "managed",
      "type": "aws_iam_role_policy_attachment",
      "name": "cluster-AmazonEKSClusterPolicy",
      "each": "list",
      "provider": "provider.aws",
      "instances": [
        {
          "index_key": 0,
          "schema_version": 0,
          "attributes": {
            "id": "kubernetes-eks-20200429203006413600000004",
            "policy_arn": "arn:aws:iam::aws:policy/AmazonEKSClusterPolicy",
            "role": "kubernetes-eks"
          },
          "private": "bnVsbA==",
          "dependencies": [
            "aws_iam_role.cluster"
          ]
        }
      ]
    },
    {
      "mode": "managed",
      "type": "aws_iam_role_policy_attachment",
      "name": "cluster-AmazonEKSServicePolicy",
      "each": "list",
      "provider": "provider.aws",
      "instances": [
        {
          "index_key": 0,
          "schema_version": 0,
          "attributes": {
            "id": "kubernetes-eks-20200429203006381800000003",
            "policy_arn": "arn:aws:iam::aws:policy/AmazonEKSServicePolicy",
            "role": "kubernetes-eks"
          },
          "private": "bnVsbA==",
          "dependencies": [
            "aws_iam_role.cluster"
          ]
        }
      ]
    },
    {
      "module": "module.my-cluster",
      "mode": "managed",
      "type": "aws_iam_role_policy_attachment",
      "name": "cluster_AmazonEKSClusterPolicy",
      "each": "list",
      "provider": "provider.aws",
      "instances": [
        {
          "index_key": 0,
          "schema_version": 0,
          "attributes": {
            "id": "my-cluster20200429210548165300000001-20200429210549879800000003",
            "policy_arn": "arn:aws:iam::aws:policy/AmazonEKSClusterPolicy",
            "role": "my-cluster20200429210548165300000001"
          },
          "private": "bnVsbA==",
          "dependencies": [
            "module.my-cluster.aws_iam_role.cluster"
          ]
        }
      ]
    },
    {
      "module": "module.my-cluster",
      "mode": "managed",
      "type": "aws_iam_role_policy_attachment",
      "name": "cluster_AmazonEKSServicePolicy",
      "each": "list",
      "provider": "provider.aws",
      "instances": [
        {
          "index_key": 0,
          "schema_version": 0,
          "attributes": {
            "id": "my-cluster20200429210548165300000001-20200429210549880900000004",
            "policy_arn": "arn:aws:iam::aws:policy/AmazonEKSServicePolicy",
            "role": "my-cluster20200429210548165300000001"
          },
          "private": "bnVsbA==",
          "dependencies": [
            "module.my-cluster.aws_iam_role.cluster"
          ]
        }
      ]
    },
    {
      "module": "module.my-cluster",
      "mode": "managed",
      "type": "aws_iam_role_policy_attachment",
      "name": "workers_AmazonEC2ContainerRegistryReadOnly",
      "each": "list",
      "provider": "provider.aws",
      "instances": []
    },
    {
      "module": "module.my-cluster",
      "mode": "managed",
      "type": "aws_iam_role_policy_attachment",
      "name": "workers_AmazonEKSWorkerNodePolicy",
      "each": "list",
      "provider": "provider.aws",
      "instances": []
    },
    {
      "module": "module.my-cluster",
      "mode": "managed",
      "type": "aws_iam_role_policy_attachment",
      "name": "workers_AmazonEKS_CNI_Policy",
      "each": "list",
      "provider": "provider.aws",
      "instances": []
    },
    {
      "module": "module.my-cluster",
      "mode": "managed",
      "type": "aws_launch_configuration",
      "name": "workers",
      "each": "list",
      "provider": "provider.aws",
      "instances": []
    },
    {
      "module": "module.my-cluster",
      "mode": "managed",
      "type": "aws_security_group",
      "name": "cluster",
      "each": "list",
      "provider": "provider.aws",
      "instances": []
    },
    {
      "mode": "managed",
      "type": "aws_security_group",
      "name": "cluster",
      "each": "list",
      "provider": "provider.aws",
      "instances": [
        {
          "index_key": 0,
          "schema_version": 1,
          "attributes": {
            "arn": "arn:aws:ec2:us-east-1:750461308246:security-group/sg-0f2a269989f7fdc38",
            "description": "Cluster communication with worker nodes",
            "egress": [
              {
                "cidr_blocks": [
                  "0.0.0.0/0"
                ],
                "description": "",
                "from_port": 0,
                "ipv6_cidr_blocks": [],
                "prefix_list_ids": [],
                "protocol": "-1",
                "security_groups": [],
                "self": false,
                "to_port": 0
              }
            ],
            "id": "sg-0f2a269989f7fdc38",
            "ingress": [
              {
                "cidr_blocks": [
                  "0.0.0.0/0"
                ],
                "description": "Allow workstation to communicate with the cluster API Server",
                "from_port": 443,
                "ipv6_cidr_blocks": [],
                "prefix_list_ids": [],
                "protocol": "tcp",
                "security_groups": [],
                "self": false,
                "to_port": 443
              },
              {
                "cidr_blocks": [],
                "description": "Allow pods to communicate with the cluster API Server",
                "from_port": 443,
                "ipv6_cidr_blocks": [],
                "prefix_list_ids": [],
                "protocol": "tcp",
                "security_groups": [
                  "sg-00749932ff354e4a4"
                ],
                "self": false,
                "to_port": 443
              }
            ],
            "name": "kubernetes-eks",
            "name_prefix": null,
            "owner_id": "750461308246",
            "revoke_rules_on_delete": false,
            "tags": {
              "ManagedBy": "terraform",
              "Project": "k8s"
            },
            "timeouts": null,
            "vpc_id": "vpc-02a5c81789fddc620"
          },
          "private": "eyJlMmJmYjczMC1lY2FhLTExZTYtOGY4OC0zNDM2M2JjN2M0YzAiOnsiY3JlYXRlIjo2MDAwMDAwMDAwMDAsImRlbGV0ZSI6NjAwMDAwMDAwMDAwfSwic2NoZW1hX3ZlcnNpb24iOiIxIn0=",
          "dependencies": [
            "aws_vpc.main"
          ]
        }
      ]
    },
    {
      "module": "module.my-cluster",
      "mode": "managed",
      "type": "aws_security_group",
      "name": "workers",
      "each": "list",
      "provider": "provider.aws",
      "instances": []
    },
    {
      "module": "module.my-cluster",
      "mode": "managed",
      "type": "aws_security_group_rule",
      "name": "cluster_egress_internet",
      "each": "list",
      "provider": "provider.aws",
      "instances": []
    },
    {
      "module": "module.my-cluster",
      "mode": "managed",
      "type": "aws_security_group_rule",
      "name": "cluster_https_worker_ingress",
      "each": "list",
      "provider": "provider.aws",
      "instances": []
    },
    {
      "module": "module.my-cluster",
      "mode": "managed",
      "type": "aws_security_group_rule",
      "name": "cluster_private_access",
      "each": "list",
      "provider": "provider.aws",
      "instances": []
    },
    {
      "module": "module.my-cluster",
      "mode": "managed",
      "type": "aws_security_group_rule",
      "name": "workers_egress_internet",
      "each": "list",
      "provider": "provider.aws",
      "instances": []
    },
    {
      "module": "module.my-cluster",
      "mode": "managed",
      "type": "aws_security_group_rule",
      "name": "workers_ingress_cluster",
      "each": "list",
      "provider": "provider.aws",
      "instances": []
    },
    {
      "module": "module.my-cluster",
      "mode": "managed",
      "type": "aws_security_group_rule",
      "name": "workers_ingress_cluster_https",
      "each": "list",
      "provider": "provider.aws",
      "instances": []
    },
    {
      "module": "module.my-cluster",
      "mode": "managed",
      "type": "aws_security_group_rule",
      "name": "workers_ingress_self",
      "each": "list",
      "provider": "provider.aws",
      "instances": []
    },
    {
      "mode": "managed",
      "type": "aws_subnet",
      "name": "public",
      "each": "list",
      "provider": "provider.aws",
      "instances": [
        {
          "index_key": 0,
          "schema_version": 1,
          "attributes": {
            "arn": "arn:aws:ec2:us-east-1:750461308246:subnet/subnet-0d78ca82c2868be5f",
            "assign_ipv6_address_on_creation": false,
            "availability_zone": "us-east-1a",
            "availability_zone_id": "use1-az6",
            "cidr_block": "10.0.0.0/24",
            "id": "subnet-0d78ca82c2868be5f",
            "ipv6_cidr_block": "",
            "ipv6_cidr_block_association_id": "",
            "map_public_ip_on_launch": false,
            "owner_id": "750461308246",
            "tags": {
              "ManagedBy": "terraform",
              "Project": "k8s",
              "kubernetes.io/cluster/var.aws_cluster_name": "shared"
            },
            "timeouts": null,
            "vpc_id": "vpc-02a5c81789fddc620"
          },
          "private": "eyJlMmJmYjczMC1lY2FhLTExZTYtOGY4OC0zNDM2M2JjN2M0YzAiOnsiY3JlYXRlIjo2MDAwMDAwMDAwMDAsImRlbGV0ZSI6MTIwMDAwMDAwMDAwMH0sInNjaGVtYV92ZXJzaW9uIjoiMSJ9",
          "dependencies": [
            "aws_vpc.main"
          ]
        },
        {
          "index_key": 1,
          "schema_version": 1,
          "attributes": {
            "arn": "arn:aws:ec2:us-east-1:750461308246:subnet/subnet-003d7630b0f2437c6",
            "assign_ipv6_address_on_creation": false,
            "availability_zone": "us-east-1b",
            "availability_zone_id": "use1-az1",
            "cidr_block": "10.0.1.0/24",
            "id": "subnet-003d7630b0f2437c6",
            "ipv6_cidr_block": "",
            "ipv6_cidr_block_association_id": "",
            "map_public_ip_on_launch": false,
            "owner_id": "750461308246",
            "tags": {
              "ManagedBy": "terraform",
              "Project": "k8s",
              "kubernetes.io/cluster/var.aws_cluster_name": "shared"
            },
            "timeouts": null,
            "vpc_id": "vpc-02a5c81789fddc620"
          },
          "private": "eyJlMmJmYjczMC1lY2FhLTExZTYtOGY4OC0zNDM2M2JjN2M0YzAiOnsiY3JlYXRlIjo2MDAwMDAwMDAwMDAsImRlbGV0ZSI6MTIwMDAwMDAwMDAwMH0sInNjaGVtYV92ZXJzaW9uIjoiMSJ9",
          "dependencies": [
            "aws_vpc.main"
          ]
        }
      ]
    },
    {
      "mode": "managed",
      "type": "aws_vpc",
      "name": "main",
      "each": "list",
      "provider": "provider.aws",
      "instances": [
        {
          "index_key": 0,
          "schema_version": 1,
          "attributes": {
            "arn": "arn:aws:ec2:us-east-1:750461308246:vpc/vpc-02a5c81789fddc620",
            "assign_generated_ipv6_cidr_block": false,
            "cidr_block": "10.0.0.0/16",
            "default_network_acl_id": "acl-00ac2e14ba0075bfe",
            "default_route_table_id": "rtb-05d48c73a4bf40e3a",
            "default_security_group_id": "sg-03d0c8fad545f0968",
            "dhcp_options_id": "dopt-0a467ac9524009528",
            "enable_classiclink": false,
            "enable_classiclink_dns_support": false,
            "enable_dns_hostnames": true,
            "enable_dns_support": true,
            "id": "vpc-02a5c81789fddc620",
            "instance_tenancy": "default",
            "ipv6_association_id": "",
            "ipv6_cidr_block": "",
            "main_route_table_id": "rtb-05d48c73a4bf40e3a",
            "owner_id": "750461308246",
            "tags": {
              "ManagedBy": "terraform",
              "Project": "eks",
              "kubernetes.io/cluster/var.aws_cluster_name": "shared"
            }
          },
          "private": "eyJzY2hlbWFfdmVyc2lvbiI6IjEifQ=="
        }
      ]
    },
    {
      "module": "module.my-cluster",
      "mode": "managed",
      "type": "kubernetes_config_map",
      "name": "aws_auth",
      "each": "list",
      "provider": "provider.kubernetes",
      "instances": []
    },
    {
      "module": "module.my-cluster",
      "mode": "managed",
      "type": "local_file",
      "name": "kubeconfig",
      "each": "list",
      "provider": "provider.local",
      "instances": []
    },
    {
      "module": "module.my-cluster",
      "mode": "managed",
      "type": "null_resource",
      "name": "wait_for_cluster",
      "each": "list",
      "provider": "provider.null",
      "instances": []
    },
    {
      "module": "module.my-cluster",
      "mode": "managed",
      "type": "random_pet",
      "name": "workers",
      "each": "list",
      "provider": "provider.random",
      "instances": []
    }
  ]
}
